
Microsoft Visual Studio Solution File, Format Version 12.00
# Visual Studio 15
VisualStudioVersion = 15.0.28010.2019
MinimumVisualStudioVersion = 10.0.40219.1
Project("{FAE04EC0-301F-11D3-BF4B-00C04F79EFBC}") = "Xgit", "Xgit\Xgit.csproj", "{956AB9DB-ECBC-4BED-BF9E-BB4F9A6F2731}"
EndProject
Project("{FAE04EC0-301F-11D3-BF4B-00C04F79EFBC}") = "Server", "Server\Server.csproj", "{184AE388-A964-4695-A7F9-6D0BE7F6039E}"
EndProject
Global
	GlobalSection(SolutionConfigurationPlatforms) = preSolution
		Debug|Any CPU = Debug|Any CPU
		Release|Any CPU = Release|Any CPU
	EndGlobalSection
	GlobalSection(ProjectConfigurationPlatforms) = postSolution
		{956AB9DB-ECBC-4BED-BF9E-BB4F9A6F2731}.Debug|Any CPU.ActiveCfg = Debug|Any CPU
		{956AB9DB-ECBC-4BED-BF9E-BB4F9A6F2731}.Debug|Any CPU.Build.0 = Debug|Any CPU
		{956AB9DB-ECBC-4BED-BF9E-BB4F9A6F2731}.Release|Any CPU.ActiveCfg = Release|Any CPU
		{956AB9DB-ECBC-4BED-BF9E-BB4F9A6F2731}.Release|Any CPU.Build.0 = Release|Any CPU
		{184AE388-A964-4695-A7F9-6D0BE7F6039E}.Debug|Any CPU.ActiveCfg = Debug|Any CPU
		{184AE388-A964-4695-A7F9-6D0BE7F6039E}.Debug|Any CPU.Build.0 = Debug|Any CPU
		{184AE388-A964-4695-A7F9-6D0BE7F6039E}.Release|Any CPU.ActiveCfg = Release|Any CPU
		{184AE388-A964-4695-A7F9-6D0BE7F6039E}.Release|Any CPU.Build.0 = Release|Any CPU
	EndGlobalSection
	GlobalSection(SolutionProperties) = preSolution
		HideSolutionNode = FALSE
	EndGlobalSection
	GlobalSection(ExtensibilityGlobals) = postSolution
		SolutionGuid = {FB7450A8-A689-486D-AA50-7CE8C784A32E}
	EndGlobalSection
EndGlobal
